
Microsoft Visual Studio Solution File, Format Version 12.00
# Visual Studio Version 17
VisualStudioVersion = 17.0.31912.275
MinimumVisualStudioVersion = 10.0.40219.1
Project("{2150E333-8FDC-42A3-9474-1A3956D46DE8}") = "SolutionItems", "SolutionItems", "{C6CE32AE-A647-4077-84CC-0FD89DB148E6}"
	ProjectSection(SolutionItems) = preProject
		.editorconfig = .editorconfig
		global.json = global.json
		README.md = README.md
	EndProjectSection
EndProject
Project("{9A19103F-16F7-4668-BE54-9A1E7A4F7556}") = "SyncfusionSmallGroupedCheckbox", "src\SyncfusionSmallGroupedCheckbox\SyncfusionSmallGroupedCheckbox.csproj", "{965EB55E-E08D-4F41-9854-CB177541AEE8}"
EndProject
Global
	GlobalSection(SolutionConfigurationPlatforms) = preSolution
		Debug|Any CPU = Debug|Any CPU
		Release|Any CPU = Release|Any CPU
	EndGlobalSection
	GlobalSection(ProjectConfigurationPlatforms) = postSolution
		{965EB55E-E08D-4F41-9854-CB177541AEE8}.Debug|Any CPU.ActiveCfg = Debug|Any CPU
		{965EB55E-E08D-4F41-9854-CB177541AEE8}.Debug|Any CPU.Build.0 = Debug|Any CPU
		{965EB55E-E08D-4F41-9854-CB177541AEE8}.Release|Any CPU.ActiveCfg = Release|Any CPU
		{965EB55E-E08D-4F41-9854-CB177541AEE8}.Release|Any CPU.Build.0 = Release|Any CPU
	EndGlobalSection
	GlobalSection(SolutionProperties) = preSolution
		HideSolutionNode = FALSE
	EndGlobalSection
	GlobalSection(ExtensibilityGlobals) = postSolution
		SolutionGuid = {A10E1C40-6ED6-4730-8D34-71530510DD16}
	EndGlobalSection
EndGlobal
